// !$*UTF8*$!
{
	archiveVersion = 1;
	classes = {
	};
	objectVersion = 70;
	objects = {

/* Begin PBXBuildFile section */
		A100000000000000000000A1 /* MuxyApp.swift in Sources */ = {isa = PBXBuildFile; fileRef = B100000000000000000000A1 /* MuxyApp.swift */; };
		A100000000000000000000A2 /* AppEnvironment.swift in Sources */ = {isa = PBXBuildFile; fileRef = B100000000000000000000A2 /* AppEnvironment.swift */; };
		A100000000000000000000A3 /* AppRouter.swift in Sources */ = {isa = PBXBuildFile; fileRef = B100000000000000000000A3 /* AppRouter.swift */; };
		A100000000000000000000A4 /* RootView.swift in Sources */ = {isa = PBXBuildFile; fileRef = B100000000000000000000A4 /* RootView.swift */; };
		A100000000000000000000A5 /* Theme.swift in Sources */ = {isa = PBXBuildFile; fileRef = B100000000000000000000A5 /* Theme.swift */; };
		A100000000000000000000A6 /* OnboardingScreen.swift in Sources */ = {isa = PBXBuildFile; fileRef = B100000000000000000000A6 /* OnboardingScreen.swift */; };
		A100000000000000000000A7 /* DevicesScreen.swift in Sources */ = {isa = PBXBuildFile; fileRef = B100000000000000000000A7 /* DevicesScreen.swift */; };
		A100000000000000000000A8 /* AddDeviceScreen.swift in Sources */ = {isa = PBXBuildFile; fileRef = B100000000000000000000A8 /* AddDeviceScreen.swift */; };
		A100000000000000000000A9 /* ProjectsScreen.swift in Sources */ = {isa = PBXBuildFile; fileRef = B100000000000000000000A9 /* ProjectsScreen.swift */; };
		A100000000000000000000AA /* WorkspaceScreen.swift in Sources */ = {isa = PBXBuildFile; fileRef = B100000000000000000000AA /* WorkspaceScreen.swift */; };
		A100000000000000000000AB /* SettingsScreen.swift in Sources */ = {isa = PBXBuildFile; fileRef = B100000000000000000000AB /* SettingsScreen.swift */; };
		A100000000000000000000AC /* PaywallScreen.swift in Sources */ = {isa = PBXBuildFile; fileRef = B100000000000000000000AC /* PaywallScreen.swift */; };
		A100000000000000000000AD /* Assets.xcassets in Resources */ = {isa = PBXBuildFile; fileRef = B100000000000000000000AD /* Assets.xcassets */; };
		A100000000000000000000AE /* PrivacyInfo.xcprivacy in Resources */ = {isa = PBXBuildFile; fileRef = B100000000000000000000AE /* PrivacyInfo.xcprivacy */; };
		A100000000000000000000AF /* MuxyProtocol in Frameworks */ = {isa = PBXBuildFile; productRef = D100000000000000000000A1 /* MuxyProtocol */; };
		A100000000000000000000B0 /* ScanPairScreen.swift in Sources */ = {isa = PBXBuildFile; fileRef = B100000000000000000000B0 /* ScanPairScreen.swift */; };
		A100000000000000000000BC /* QRScannerView.swift in Sources */ = {isa = PBXBuildFile; fileRef = B100000000000000000000BC /* QRScannerView.swift */; };
		A100000000000000000000B9 /* MuxyCore in Frameworks */ = {isa = PBXBuildFile; productRef = D100000000000000000000A2 /* MuxyCore */; };
		A100000000000000000000C0 /* SwiftTerm in Frameworks */ = {isa = PBXBuildFile; productRef = D100000000000000000000A3 /* SwiftTerm */; };
		A100000000000000000000C1 /* TerminalView.swift in Sources */ = {isa = PBXBuildFile; fileRef = B100000000000000000000C1 /* TerminalView.swift */; };
		A100000000000000000000C2 /* TerminalTabView.swift in Sources */ = {isa = PBXBuildFile; fileRef = B100000000000000000000C2 /* TerminalTabView.swift */; };
/* End PBXBuildFile section */

/* Begin PBXFileReference section */
		B100000000000000000000A0 /* Muxy.app */ = {isa = PBXFileReference; explicitFileType = wrapper.application; includeInIndex = 0; path = Muxy.app; sourceTree = BUILT_PRODUCTS_DIR; };
		B100000000000000000000A1 /* MuxyApp.swift */ = {isa = PBXFileReference; lastKnownFileType = sourcecode.swift; path = MuxyApp.swift; sourceTree = "<group>"; };
		B100000000000000000000A2 /* AppEnvironment.swift */ = {isa = PBXFileReference; lastKnownFileType = sourcecode.swift; path = AppEnvironment.swift; sourceTree = "<group>"; };
		B100000000000000000000A3 /* AppRouter.swift */ = {isa = PBXFileReference; lastKnownFileType = sourcecode.swift; path = AppRouter.swift; sourceTree = "<group>"; };
		B100000000000000000000A4 /* RootView.swift */ = {isa = PBXFileReference; lastKnownFileType = sourcecode.swift; path = RootView.swift; sourceTree = "<group>"; };
		B100000000000000000000A5 /* Theme.swift */ = {isa = PBXFileReference; lastKnownFileType = sourcecode.swift; path = Theme.swift; sourceTree = "<group>"; };
		B100000000000000000000A6 /* OnboardingScreen.swift */ = {isa = PBXFileReference; lastKnownFileType = sourcecode.swift; path = OnboardingScreen.swift; sourceTree = "<group>"; };
		B100000000000000000000A7 /* DevicesScreen.swift */ = {isa = PBXFileReference; lastKnownFileType = sourcecode.swift; path = DevicesScreen.swift; sourceTree = "<group>"; };
		B100000000000000000000A8 /* AddDeviceScreen.swift */ = {isa = PBXFileReference; lastKnownFileType = sourcecode.swift; path = AddDeviceScreen.swift; sourceTree = "<group>"; };
		B100000000000000000000A9 /* ProjectsScreen.swift */ = {isa = PBXFileReference; lastKnownFileType = sourcecode.swift; path = ProjectsScreen.swift; sourceTree = "<group>"; };
		B100000000000000000000AA /* WorkspaceScreen.swift */ = {isa = PBXFileReference; lastKnownFileType = sourcecode.swift; path = WorkspaceScreen.swift; sourceTree = "<group>"; };
		B100000000000000000000AB /* SettingsScreen.swift */ = {isa = PBXFileReference; lastKnownFileType = sourcecode.swift; path = SettingsScreen.swift; sourceTree = "<group>"; };
		B100000000000000000000AC /* PaywallScreen.swift */ = {isa = PBXFileReference; lastKnownFileType = sourcecode.swift; path = PaywallScreen.swift; sourceTree = "<group>"; };
		B100000000000000000000AD /* Assets.xcassets */ = {isa = PBXFileReference; lastKnownFileType = folder.assetcatalog; path = Assets.xcassets; sourceTree = "<group>"; };
		B100000000000000000000AE /* PrivacyInfo.xcprivacy */ = {isa = PBXFileReference; lastKnownFileType = text.xml; path = PrivacyInfo.xcprivacy; sourceTree = "<group>"; };
		B100000000000000000000AF /* Info.plist */ = {isa = PBXFileReference; lastKnownFileType = text.plist.xml; path = Info.plist; sourceTree = "<group>"; };
		B100000000000000000000BB /* Muxy.entitlements */ = {isa = PBXFileReference; lastKnownFileType = text.plist.entitlements; path = Muxy.entitlements; sourceTree = "<group>"; };
		B100000000000000000000B0 /* ScanPairScreen.swift */ = {isa = PBXFileReference; lastKnownFileType = sourcecode.swift; path = ScanPairScreen.swift; sourceTree = "<group>"; };
		B100000000000000000000BC /* QRScannerView.swift */ = {isa = PBXFileReference; lastKnownFileType = sourcecode.swift; path = QRScannerView.swift; sourceTree = "<group>"; };
		B100000000000000000000C1 /* TerminalView.swift */ = {isa = PBXFileReference; lastKnownFileType = sourcecode.swift; path = TerminalView.swift; sourceTree = "<group>"; };
		B100000000000000000000C2 /* TerminalTabView.swift */ = {isa = PBXFileReference; lastKnownFileType = sourcecode.swift; path = TerminalTabView.swift; sourceTree = "<group>"; };
/* End PBXFileReference section */

/* Begin PBXFileSystemSynchronizedRootGroup section */
/* End PBXFileSystemSynchronizedRootGroup section */

/* Begin PBXFrameworksBuildPhase section */
		E100000000000000000000A1 /* Frameworks */ = {
			isa = PBXFrameworksBuildPhase;
			buildActionMask = 2147483647;
			files = (
				A100000000000000000000AF /* MuxyProtocol in Frameworks */,
				A100000000000000000000B9 /* MuxyCore in Frameworks */,
				A100000000000000000000C0 /* SwiftTerm in Frameworks */,
			);
			runOnlyForDeploymentPostprocessing = 0;
		};
/* End PBXFrameworksBuildPhase section */

/* Begin PBXGroup section */
		C100000000000000000000A0 /* Workspace */ = {
			isa = PBXGroup;
			children = (
				C100000000000000000000A1 /* Muxy */,
				C100000000000000000000A2 /* Products */,
			);
			sourceTree = "<group>";
		};
		C100000000000000000000A1 /* Muxy */ = {
			isa = PBXGroup;
			children = (
				C100000000000000000000A3 /* App */,
				C100000000000000000000A4 /* DesignSystem */,
				C100000000000000000000A5 /* Features */,
				C100000000000000000000A6 /* Resources */,
			);
			path = Muxy;
			sourceTree = "<group>";
		};
		C100000000000000000000A2 /* Products */ = {
			isa = PBXGroup;
			children = (
				B100000000000000000000A0 /* Muxy.app */,
			);
			name = Products;
			sourceTree = "<group>";
		};
		C100000000000000000000A3 /* App */ = {
			isa = PBXGroup;
			children = (
				B100000000000000000000A1 /* MuxyApp.swift */,
				B100000000000000000000A2 /* AppEnvironment.swift */,
				B100000000000000000000A3 /* AppRouter.swift */,
				B100000000000000000000A4 /* RootView.swift */,
			);
			path = App;
			sourceTree = "<group>";
		};
		C100000000000000000000A4 /* DesignSystem */ = {
			isa = PBXGroup;
			children = (
				C100000000000000000000A7 /* Theme */,
			);
			path = DesignSystem;
			sourceTree = "<group>";
		};
		C100000000000000000000A7 /* Theme */ = {
			isa = PBXGroup;
			children = (
				B100000000000000000000A5 /* Theme.swift */,
			);
			path = Theme;
			sourceTree = "<group>";
		};
		C100000000000000000000A5 /* Features */ = {
			isa = PBXGroup;
			children = (
				C100000000000000000000A8 /* Onboarding */,
				C100000000000000000000A9 /* Devices */,
				C100000000000000000000AA /* Pairing */,
				C100000000000000000000AB /* Projects */,
				C100000000000000000000AC /* Workspace */,
				C100000000000000000000AF /* Terminal */,
				C100000000000000000000AD /* Settings */,
				C100000000000000000000AE /* Billing */,
			);
			path = Features;
			sourceTree = "<group>";
		};
		C100000000000000000000A8 /* Onboarding */ = {
			isa = PBXGroup;
			children = (
				B100000000000000000000A6 /* OnboardingScreen.swift */,
			);
			path = Onboarding;
			sourceTree = "<group>";
		};
		C100000000000000000000A9 /* Devices */ = {
			isa = PBXGroup;
			children = (
				B100000000000000000000A7 /* DevicesScreen.swift */,
			);
			path = Devices;
			sourceTree = "<group>";
		};
		C100000000000000000000AA /* Pairing */ = {
			isa = PBXGroup;
			children = (
				B100000000000000000000A8 /* AddDeviceScreen.swift */,
				B100000000000000000000B0 /* ScanPairScreen.swift */,
				B100000000000000000000BC /* QRScannerView.swift */,
			);
			path = Pairing;
			sourceTree = "<group>";
		};
		C100000000000000000000AB /* Projects */ = {
			isa = PBXGroup;
			children = (
				B100000000000000000000A9 /* ProjectsScreen.swift */,
			);
			path = Projects;
			sourceTree = "<group>";
		};
		C100000000000000000000AC /* Workspace */ = {
			isa = PBXGroup;
			children = (
				B100000000000000000000AA /* WorkspaceScreen.swift */,
			);
			path = Workspace;
			sourceTree = "<group>";
		};
		C100000000000000000000AF /* Terminal */ = {
			isa = PBXGroup;
			children = (
				B100000000000000000000C1 /* TerminalView.swift */,
				B100000000000000000000C2 /* TerminalTabView.swift */,
			);
			path = Terminal;
			sourceTree = "<group>";
		};
		C100000000000000000000AD /* Settings */ = {
			isa = PBXGroup;
			children = (
				B100000000000000000000AB /* SettingsScreen.swift */,
			);
			path = Settings;
			sourceTree = "<group>";
		};
		C100000000000000000000AE /* Billing */ = {
			isa = PBXGroup;
			children = (
				B100000000000000000000AC /* PaywallScreen.swift */,
			);
			path = Billing;
			sourceTree = "<group>";
		};
		C100000000000000000000A6 /* Resources */ = {
			isa = PBXGroup;
			children = (
				B100000000000000000000AD /* Assets.xcassets */,
				B100000000000000000000AE /* PrivacyInfo.xcprivacy */,
				B100000000000000000000AF /* Info.plist */,
				B100000000000000000000BB /* Muxy.entitlements */,
			);
			path = Resources;
			sourceTree = "<group>";
		};
/* End PBXGroup section */

/* Begin PBXNativeTarget section */
		F100000000000000000000A1 /* Muxy */ = {
			isa = PBXNativeTarget;
			buildConfigurationList = F100000000000000000000B1 /* Build configuration list for PBXNativeTarget "Muxy" */;
			buildPhases = (
				E100000000000000000000A2 /* Sources */,
				E100000000000000000000A1 /* Frameworks */,
				E100000000000000000000A3 /* Resources */,
			);
			buildRules = (
			);
			dependencies = (
			);
			name = Muxy;
			packageProductDependencies = (
				D100000000000000000000A1 /* MuxyProtocol */,
				D100000000000000000000A2 /* MuxyCore */,
				D100000000000000000000A3 /* SwiftTerm */,
			);
			productName = Muxy;
			productReference = B100000000000000000000A0 /* Muxy.app */;
			productType = "com.apple.product-type.application";
		};
/* End PBXNativeTarget section */

/* Begin PBXProject section */
		F100000000000000000000A0 /* Project object */ = {
			isa = PBXProject;
			attributes = {
				BuildIndependentTargetsInParallel = 1;
				LastSwiftUpdateCheck = 1620;
				LastUpgradeCheck = 1620;
				TargetAttributes = {
					F100000000000000000000A1 = {
						CreatedOnToolsVersion = 26.3;
					};
				};
			};
			buildConfigurationList = F100000000000000000000B0 /* Build configuration list for PBXProject "Muxy" */;
			compatibilityVersion = "Xcode 16.0";
			developmentRegion = en;
			hasScannedForEncodings = 0;
			knownRegions = (
				en,
				Base,
			);
			mainGroup = C100000000000000000000A0;
			minimizedProjectReferenceProxies = 1;
			packageReferences = (
				G100000000000000000000A1 /* XCLocalSwiftPackageReference "../MuxyProtocol" */,
				G100000000000000000000A2 /* XCLocalSwiftPackageReference "../MuxyCore" */,
				G100000000000000000000A3 /* XCRemoteSwiftPackageReference "SwiftTerm" */,
			);
			preferredProjectObjectVersion = 70;
			productRefGroup = C100000000000000000000A2 /* Products */;
			projectDirPath = "";
			projectRoot = "";
			targets = (
				F100000000000000000000A1 /* Muxy */,
			);
		};
/* End PBXProject section */

/* Begin PBXResourcesBuildPhase section */
		E100000000000000000000A3 /* Resources */ = {
			isa = PBXResourcesBuildPhase;
			buildActionMask = 2147483647;
			files = (
				A100000000000000000000AD /* Assets.xcassets in Resources */,
				A100000000000000000000AE /* PrivacyInfo.xcprivacy in Resources */,
			);
			runOnlyForDeploymentPostprocessing = 0;
		};
/* End PBXResourcesBuildPhase section */

/* Begin PBXSourcesBuildPhase section */
		E100000000000000000000A2 /* Sources */ = {
			isa = PBXSourcesBuildPhase;
			buildActionMask = 2147483647;
			files = (
				A100000000000000000000A1 /* MuxyApp.swift in Sources */,
				A100000000000000000000A2 /* AppEnvironment.swift in Sources */,
				A100000000000000000000A3 /* AppRouter.swift in Sources */,
				A100000000000000000000A4 /* RootView.swift in Sources */,
				A100000000000000000000A5 /* Theme.swift in Sources */,
				A100000000000000000000A6 /* OnboardingScreen.swift in Sources */,
				A100000000000000000000A7 /* DevicesScreen.swift in Sources */,
				A100000000000000000000A8 /* AddDeviceScreen.swift in Sources */,
				A100000000000000000000B0 /* ScanPairScreen.swift in Sources */,
				A100000000000000000000BC /* QRScannerView.swift in Sources */,
				A100000000000000000000A9 /* ProjectsScreen.swift in Sources */,
				A100000000000000000000AA /* WorkspaceScreen.swift in Sources */,
				A100000000000000000000C1 /* TerminalView.swift in Sources */,
				A100000000000000000000C2 /* TerminalTabView.swift in Sources */,
				A100000000000000000000AB /* SettingsScreen.swift in Sources */,
				A100000000000000000000AC /* PaywallScreen.swift in Sources */,
			);
			runOnlyForDeploymentPostprocessing = 0;
		};
/* End PBXSourcesBuildPhase section */

/* Begin XCBuildConfiguration section */
		F100000000000000000000C1 /* Debug */ = {
			isa = XCBuildConfiguration;
			buildSettings = {
				ALWAYS_SEARCH_USER_PATHS = NO;
				ASSETCATALOG_COMPILER_GENERATE_SWIFT_ASSET_SYMBOL_EXTENSIONS = YES;
				CLANG_ANALYZER_NONNULL = YES;
				CLANG_ANALYZER_NUMBER_OBJECT_CONVERSION = YES_AGGRESSIVE;
				CLANG_CXX_LANGUAGE_STANDARD = "gnu++20";
				CLANG_ENABLE_MODULES = YES;
				CLANG_ENABLE_OBJC_ARC = YES;
				CLANG_ENABLE_OBJC_WEAK = YES;
				CLANG_WARN_BLOCK_CAPTURE_AUTORELEASING = YES;
				CLANG_WARN_BOOL_CONVERSION = YES;
				CLANG_WARN_COMMA = YES;
				CLANG_WARN_CONSTANT_CONVERSION = YES;
				CLANG_WARN_DEPRECATED_OBJC_IMPLEMENTATIONS = YES;
				CLANG_WARN_DIRECT_OBJC_ISA_USAGE = YES_ERROR;
				CLANG_WARN_DOCUMENTATION_COMMENTS = YES;
				CLANG_WARN_EMPTY_BODY = YES;
				CLANG_WARN_ENUM_CONVERSION = YES;
				CLANG_WARN_INFINITE_RECURSION = YES;
				CLANG_WARN_INT_CONVERSION = YES;
				CLANG_WARN_NON_LITERAL_NULL_CONVERSION = YES;
				CLANG_WARN_OBJC_IMPLICIT_RETAIN_SELF = YES;
				CLANG_WARN_OBJC_LITERAL_CONVERSION = YES;
				CLANG_WARN_OBJC_ROOT_CLASS = YES_ERROR;
				CLANG_WARN_RANGE_LOOP_ANALYSIS = YES;
				CLANG_WARN_STRICT_PROTOTYPES = YES;
				CLANG_WARN_SUSPICIOUS_MOVE = YES;
				CLANG_WARN_UNGUARDED_AVAILABILITY = YES_AGGRESSIVE;
				CLANG_WARN_UNREACHABLE_CODE = YES;
				CLANG_WARN__DUPLICATE_METHOD_MATCH = YES;
				COPY_PHASE_STRIP = NO;
				DEBUG_INFORMATION_FORMAT = dwarf;
				ENABLE_STRICT_OBJC_MSGSEND = YES;
				ENABLE_TESTABILITY = YES;
				ENABLE_USER_SCRIPT_SANDBOXING = YES;
				GCC_C_LANGUAGE_STANDARD = gnu17;
				GCC_DYNAMIC_NO_PIC = NO;
				GCC_NO_COMMON_BLOCKS = YES;
				GCC_OPTIMIZATION_LEVEL = 0;
				GCC_PREPROCESSOR_DEFINITIONS = (
					"DEBUG=1",
					"$(inherited)",
				);
				GCC_WARN_64_TO_32_BIT_CONVERSION = YES;
				GCC_WARN_ABOUT_RETURN_TYPE = YES_ERROR;
				GCC_WARN_UNDECLARED_SELECTOR = YES;
				GCC_WARN_UNINITIALIZED_AUTOS = YES_AGGRESSIVE;
				GCC_WARN_UNUSED_FUNCTION = YES;
				GCC_WARN_UNUSED_VARIABLE = YES;
				IPHONEOS_DEPLOYMENT_TARGET = 17.0;
				LOCALIZATION_PREFERS_STRING_CATALOGS = YES;
				MTL_ENABLE_DEBUG_INFO = INCLUDE_SOURCE;
				MTL_FAST_MATH = YES;
				ONLY_ACTIVE_ARCH = YES;
				SDKROOT = iphoneos;
				SWIFT_ACTIVE_COMPILATION_CONDITIONS = "DEBUG $(inherited)";
				SWIFT_OPTIMIZATION_LEVEL = "-Onone";
			};
			name = Debug;
		};
		F100000000000000000000C2 /* Release */ = {
			isa = XCBuildConfiguration;
			buildSettings = {
				ALWAYS_SEARCH_USER_PATHS = NO;
				ASSETCATALOG_COMPILER_GENERATE_SWIFT_ASSET_SYMBOL_EXTENSIONS = YES;
				CLANG_ANALYZER_NONNULL = YES;
				CLANG_ANALYZER_NUMBER_OBJECT_CONVERSION = YES_AGGRESSIVE;
				CLANG_CXX_LANGUAGE_STANDARD = "gnu++20";
				CLANG_ENABLE_MODULES = YES;
				CLANG_ENABLE_OBJC_ARC = YES;
				CLANG_ENABLE_OBJC_WEAK = YES;
				CLANG_WARN_BLOCK_CAPTURE_AUTORELEASING = YES;
				CLANG_WARN_BOOL_CONVERSION = YES;
				CLANG_WARN_COMMA = YES;
				CLANG_WARN_CONSTANT_CONVERSION = YES;
				CLANG_WARN_DEPRECATED_OBJC_IMPLEMENTATIONS = YES;
				CLANG_WARN_DIRECT_OBJC_ISA_USAGE = YES_ERROR;
				CLANG_WARN_DOCUMENTATION_COMMENTS = YES;
				CLANG_WARN_EMPTY_BODY = YES;
				CLANG_WARN_ENUM_CONVERSION = YES;
				CLANG_WARN_INFINITE_RECURSION = YES;
				CLANG_WARN_INT_CONVERSION = YES;
				CLANG_WARN_NON_LITERAL_NULL_CONVERSION = YES;
				CLANG_WARN_OBJC_IMPLICIT_RETAIN_SELF = YES;
				CLANG_WARN_OBJC_LITERAL_CONVERSION = YES;
				CLANG_WARN_OBJC_ROOT_CLASS = YES_ERROR;
				CLANG_WARN_RANGE_LOOP_ANALYSIS = YES;
				CLANG_WARN_STRICT_PROTOTYPES = YES;
				CLANG_WARN_SUSPICIOUS_MOVE = YES;
				CLANG_WARN_UNGUARDED_AVAILABILITY = YES_AGGRESSIVE;
				CLANG_WARN_UNREACHABLE_CODE = YES;
				CLANG_WARN__DUPLICATE_METHOD_MATCH = YES;
				COPY_PHASE_STRIP = NO;
				DEBUG_INFORMATION_FORMAT = "dwarf-with-dsym";
				ENABLE_NS_ASSERTIONS = NO;
				ENABLE_STRICT_OBJC_MSGSEND = YES;
				ENABLE_USER_SCRIPT_SANDBOXING = YES;
				GCC_C_LANGUAGE_STANDARD = gnu17;
				GCC_NO_COMMON_BLOCKS = YES;
				GCC_WARN_64_TO_32_BIT_CONVERSION = YES;
				GCC_WARN_ABOUT_RETURN_TYPE = YES_ERROR;
				GCC_WARN_UNDECLARED_SELECTOR = YES;
				GCC_WARN_UNINITIALIZED_AUTOS = YES_AGGRESSIVE;
				GCC_WARN_UNUSED_FUNCTION = YES;
				GCC_WARN_UNUSED_VARIABLE = YES;
				IPHONEOS_DEPLOYMENT_TARGET = 17.0;
				LOCALIZATION_PREFERS_STRING_CATALOGS = YES;
				MTL_ENABLE_DEBUG_INFO = NO;
				MTL_FAST_MATH = YES;
				SDKROOT = iphoneos;
				SWIFT_COMPILATION_MODE = wholemodule;
				VALIDATE_PRODUCT = YES;
			};
			name = Release;
		};
		F100000000000000000000C3 /* Debug */ = {
			isa = XCBuildConfiguration;
			buildSettings = {
				ASSETCATALOG_COMPILER_APPICON_NAME = AppIcon;
				ASSETCATALOG_COMPILER_GLOBAL_ACCENT_COLOR_NAME = AccentColor;
				CODE_SIGN_STYLE = Automatic;
				CURRENT_PROJECT_VERSION = 1;
				DEVELOPMENT_ASSET_PATHS = "";
				ENABLE_PREVIEWS = YES;
				GENERATE_INFOPLIST_FILE = NO;
				CODE_SIGN_ENTITLEMENTS = Muxy/Resources/Muxy.entitlements;
				INFOPLIST_FILE = Muxy/Resources/Info.plist;
				INFOPLIST_KEY_UIApplicationSceneManifest_Generation = YES;
				INFOPLIST_KEY_UIApplicationSupportsIndirectInputEvents = YES;
				INFOPLIST_KEY_UILaunchScreen_Generation = YES;
				IPHONEOS_DEPLOYMENT_TARGET = 17.0;
				LD_RUNPATH_SEARCH_PATHS = (
					"$(inherited)",
					"@executable_path/Frameworks",
				);
				MARKETING_VERSION = 0.1.0;
				PRODUCT_BUNDLE_IDENTIFIER = com.muxy.app;
				PRODUCT_NAME = "$(TARGET_NAME)";
				SWIFT_EMIT_LOC_STRINGS = YES;
				SWIFT_VERSION = 6.0;
				TARGETED_DEVICE_FAMILY = "1,2";
			};
			name = Debug;
		};
		F100000000000000000000C4 /* Release */ = {
			isa = XCBuildConfiguration;
			buildSettings = {
				ASSETCATALOG_COMPILER_APPICON_NAME = AppIcon;
				ASSETCATALOG_COMPILER_GLOBAL_ACCENT_COLOR_NAME = AccentColor;
				CODE_SIGN_STYLE = Automatic;
				CURRENT_PROJECT_VERSION = 1;
				DEVELOPMENT_ASSET_PATHS = "";
				ENABLE_PREVIEWS = YES;
				GENERATE_INFOPLIST_FILE = NO;
				CODE_SIGN_ENTITLEMENTS = Muxy/Resources/Muxy.entitlements;
				INFOPLIST_FILE = Muxy/Resources/Info.plist;
				INFOPLIST_KEY_UIApplicationSceneManifest_Generation = YES;
				INFOPLIST_KEY_UIApplicationSupportsIndirectInputEvents = YES;
				INFOPLIST_KEY_UILaunchScreen_Generation = YES;
				IPHONEOS_DEPLOYMENT_TARGET = 17.0;
				LD_RUNPATH_SEARCH_PATHS = (
					"$(inherited)",
					"@executable_path/Frameworks",
				);
				MARKETING_VERSION = 0.1.0;
				PRODUCT_BUNDLE_IDENTIFIER = com.muxy.app;
				PRODUCT_NAME = "$(TARGET_NAME)";
				SWIFT_EMIT_LOC_STRINGS = YES;
				SWIFT_VERSION = 6.0;
				TARGETED_DEVICE_FAMILY = "1,2";
			};
			name = Release;
		};
/* End XCBuildConfiguration section */

/* Begin XCConfigurationList section */
		F100000000000000000000B0 /* Build configuration list for PBXProject "Muxy" */ = {
			isa = XCConfigurationList;
			buildConfigurations = (
				F100000000000000000000C1 /* Debug */,
				F100000000000000000000C2 /* Release */,
			);
			defaultConfigurationIsVisible = 0;
			defaultConfigurationName = Release;
		};
		F100000000000000000000B1 /* Build configuration list for PBXNativeTarget "Muxy" */ = {
			isa = XCConfigurationList;
			buildConfigurations = (
				F100000000000000000000C3 /* Debug */,
				F100000000000000000000C4 /* Release */,
			);
			defaultConfigurationIsVisible = 0;
			defaultConfigurationName = Release;
		};
/* End XCConfigurationList section */

/* Begin XCLocalSwiftPackageReference section */
		G100000000000000000000A1 /* XCLocalSwiftPackageReference "../MuxyProtocol" */ = {
			isa = XCLocalSwiftPackageReference;
			relativePath = ../MuxyProtocol;
		};
		G100000000000000000000A2 /* XCLocalSwiftPackageReference "../MuxyCore" */ = {
			isa = XCLocalSwiftPackageReference;
			relativePath = ../MuxyCore;
		};
/* End XCLocalSwiftPackageReference section */

/* Begin XCRemoteSwiftPackageReference section */
		G100000000000000000000A3 /* XCRemoteSwiftPackageReference "SwiftTerm" */ = {
			isa = XCRemoteSwiftPackageReference;
			repositoryURL = "https://github.com/migueldeicaza/SwiftTerm.git";
			requirement = {
				kind = upToNextMajorVersion;
				minimumVersion = 1.13.0;
			};
		};
/* End XCRemoteSwiftPackageReference section */

/* Begin XCSwiftPackageProductDependency section */
		D100000000000000000000A1 /* MuxyProtocol */ = {
			isa = XCSwiftPackageProductDependency;
			productName = MuxyProtocol;
		};
		D100000000000000000000A2 /* MuxyCore */ = {
			isa = XCSwiftPackageProductDependency;
			productName = MuxyCore;
		};
		D100000000000000000000A3 /* SwiftTerm */ = {
			isa = XCSwiftPackageProductDependency;
			package = G100000000000000000000A3 /* XCRemoteSwiftPackageReference "SwiftTerm" */;
			productName = SwiftTerm;
		};
/* End XCSwiftPackageProductDependency section */
	};
	rootObject = F100000000000000000000A0 /* Project object */;
}
